// !$*UTF8*$!
{
	archiveVersion = 1;
	classes = {
	};
	objectVersion = 56;
	objects = {

/* Begin PBXBuildFile section */
		5555A8C22A81824900687357 /* AppDelegate.swift in Sources */ = {isa = PBXBuildFile; fileRef = 5555A8C12A81824900687357 /* AppDelegate.swift */; };
		5555A8C62A81824900687357 /* GeneralViewController.swift in Sources */ = {isa = PBXBuildFile; fileRef = 5555A8C52A81824900687357 /* GeneralViewController.swift */; };
		5555A8CB2A81824B00687357 /* Assets.xcassets in Resources */ = {isa = PBXBuildFile; fileRef = 5555A8CA2A81824B00687357 /* Assets.xcassets */; };
		5555A8CE2A81824B00687357 /* LaunchScreen.storyboard in Resources */ = {isa = PBXBuildFile; fileRef = 5555A8CC2A81824B00687357 /* LaunchScreen.storyboard */; };
		5555A8D92A81824B00687357 /* NewsAppTests.swift in Sources */ = {isa = PBXBuildFile; fileRef = 5555A8D82A81824B00687357 /* NewsAppTests.swift */; };
		5555A8E32A81824B00687357 /* NewsAppUITests.swift in Sources */ = {isa = PBXBuildFile; fileRef = 5555A8E22A81824B00687357 /* NewsAppUITests.swift */; };
		5555A8E52A81824B00687357 /* NewsAppUITestsLaunchTests.swift in Sources */ = {isa = PBXBuildFile; fileRef = 5555A8E42A81824B00687357 /* NewsAppUITestsLaunchTests.swift */; };
		5555A8F72A8185A500687357 /* TabBarController.swift in Sources */ = {isa = PBXBuildFile; fileRef = 5555A8F62A8185A500687357 /* TabBarController.swift */; };
		5555A8F92A82CD9900687357 /* BusinessViewController.swift in Sources */ = {isa = PBXBuildFile; fileRef = 5555A8F82A82CD9900687357 /* BusinessViewController.swift */; };
		5555A8FB2A82CDC400687357 /* TechnologyViewController.swift in Sources */ = {isa = PBXBuildFile; fileRef = 5555A8FA2A82CDC400687357 /* TechnologyViewController.swift */; };
		5555A8FE2A83EA9300687357 /* SnapKit in Frameworks */ = {isa = PBXBuildFile; productRef = 5555A8FD2A83EA9300687357 /* SnapKit */; };
		5555A9042A83EDBE00687357 /* GeneralCollectionViewCell.swift in Sources */ = {isa = PBXBuildFile; fileRef = 5555A9032A83EDBE00687357 /* GeneralCollectionViewCell.swift */; };
		5555A9062A8691B600687357 /* DetaileViewController.swift in Sources */ = {isa = PBXBuildFile; fileRef = 5555A9052A8691B600687357 /* DetaileViewController.swift */; };
		5555A9082A8695ED00687357 /* AddSubview + Ex.swift in Sources */ = {isa = PBXBuildFile; fileRef = 5555A9072A8695ED00687357 /* AddSubview + Ex.swift */; };
		5555A90C2A875A4B00687357 /* TraineViewController.swift in Sources */ = {isa = PBXBuildFile; fileRef = 5555A90B2A875A4B00687357 /* TraineViewController.swift */; };
		5555A90F2A8760D700687357 /* TraineCollectionViewCell.swift in Sources */ = {isa = PBXBuildFile; fileRef = 5555A90E2A8760D700687357 /* TraineCollectionViewCell.swift */; };
		5555A9132A88DFB000687357 /* DitailesCollectionViewCell.swift in Sources */ = {isa = PBXBuildFile; fileRef = 5555A9122A88DFB000687357 /* DitailesCollectionViewCell.swift */; };
		5555A9152A8BD3B600687357 /* GeneralViewModel.swift in Sources */ = {isa = PBXBuildFile; fileRef = 5555A9142A8BD3B600687357 /* GeneralViewModel.swift */; };
		5555A9192A8BD8F900687357 /* NewsResponseObject.swift in Sources */ = {isa = PBXBuildFile; fileRef = 5555A9182A8BD8F900687357 /* NewsResponseObject.swift */; };
		5555A91B2A8BD96F00687357 /* ArticleResponseObject.swift in Sources */ = {isa = PBXBuildFile; fileRef = 5555A91A2A8BD96F00687357 /* ArticleResponseObject.swift */; };
		5555A91E2A8C02BD00687357 /* ArticleCellViewModel.swift in Sources */ = {isa = PBXBuildFile; fileRef = 5555A91D2A8C02BD00687357 /* ArticleCellViewModel.swift */; };
		5555A9202A8D20E200687357 /* ApiManager.swift in Sources */ = {isa = PBXBuildFile; fileRef = 5555A91F2A8D20E200687357 /* ApiManager.swift */; };
		5555A9232A8D28A900687357 /* NetworkingError.swift in Sources */ = {isa = PBXBuildFile; fileRef = 5555A9222A8D28A900687357 /* NetworkingError.swift */; };
		5555A9252A8FC92900687357 /* DetaileViewModel.swift in Sources */ = {isa = PBXBuildFile; fileRef = 5555A9242A8FC92900687357 /* DetaileViewModel.swift */; };
		5555A92F2A90A0D000687357 /* TabBarController.swift in Sources */ = {isa = PBXBuildFile; fileRef = 5555A92E2A90A0D000687357 /* TabBarController.swift */; };
/* End PBXBuildFile section */

/* Begin PBXContainerItemProxy section */
		5555A8D52A81824B00687357 /* PBXContainerItemProxy */ = {
			isa = PBXContainerItemProxy;
			containerPortal = 5555A8B62A81824900687357 /* Project object */;
			proxyType = 1;
			remoteGlobalIDString = 5555A8BD2A81824900687357;
			remoteInfo = NewsApp;
		};
		5555A8DF2A81824B00687357 /* PBXContainerItemProxy */ = {
			isa = PBXContainerItemProxy;
			containerPortal = 5555A8B62A81824900687357 /* Project object */;
			proxyType = 1;
			remoteGlobalIDString = 5555A8BD2A81824900687357;
			remoteInfo = NewsApp;
		};
/* End PBXContainerItemProxy section */

/* Begin PBXFileReference section */
		5555A8BE2A81824900687357 /* NewsApp.app */ = {isa = PBXFileReference; explicitFileType = wrapper.application; includeInIndex = 0; path = NewsApp.app; sourceTree = BUILT_PRODUCTS_DIR; };
		5555A8C12A81824900687357 /* AppDelegate.swift */ = {isa = PBXFileReference; lastKnownFileType = sourcecode.swift; path = AppDelegate.swift; sourceTree = "<group>"; };
		5555A8C52A81824900687357 /* GeneralViewController.swift */ = {isa = PBXFileReference; lastKnownFileType = sourcecode.swift; path = GeneralViewController.swift; sourceTree = "<group>"; };
		5555A8CA2A81824B00687357 /* Assets.xcassets */ = {isa = PBXFileReference; lastKnownFileType = folder.assetcatalog; path = Assets.xcassets; sourceTree = "<group>"; };
		5555A8CD2A81824B00687357 /* Base */ = {isa = PBXFileReference; lastKnownFileType = file.storyboard; name = Base; path = Base.lproj/LaunchScreen.storyboard; sourceTree = "<group>"; };
		5555A8CF2A81824B00687357 /* Info.plist */ = {isa = PBXFileReference; lastKnownFileType = text.plist.xml; path = Info.plist; sourceTree = "<group>"; };
		5555A8D42A81824B00687357 /* NewsAppTests.xctest */ = {isa = PBXFileReference; explicitFileType = wrapper.cfbundle; includeInIndex = 0; path = NewsAppTests.xctest; sourceTree = BUILT_PRODUCTS_DIR; };
		5555A8D82A81824B00687357 /* NewsAppTests.swift */ = {isa = PBXFileReference; lastKnownFileType = sourcecode.swift; path = NewsAppTests.swift; sourceTree = "<group>"; };
		5555A8DE2A81824B00687357 /* NewsAppUITests.xctest */ = {isa = PBXFileReference; explicitFileType = wrapper.cfbundle; includeInIndex = 0; path = NewsAppUITests.xctest; sourceTree = BUILT_PRODUCTS_DIR; };
		5555A8E22A81824B00687357 /* NewsAppUITests.swift */ = {isa = PBXFileReference; lastKnownFileType = sourcecode.swift; path = NewsAppUITests.swift; sourceTree = "<group>"; };
		5555A8E42A81824B00687357 /* NewsAppUITestsLaunchTests.swift */ = {isa = PBXFileReference; lastKnownFileType = sourcecode.swift; path = NewsAppUITestsLaunchTests.swift; sourceTree = "<group>"; };
		5555A8F62A8185A500687357 /* TabBarController.swift */ = {isa = PBXFileReference; lastKnownFileType = sourcecode.swift; path = TabBarController.swift; sourceTree = "<group>"; };
		5555A8F82A82CD9900687357 /* BusinessViewController.swift */ = {isa = PBXFileReference; lastKnownFileType = sourcecode.swift; path = BusinessViewController.swift; sourceTree = "<group>"; };
		5555A8FA2A82CDC400687357 /* TechnologyViewController.swift */ = {isa = PBXFileReference; lastKnownFileType = sourcecode.swift; path = TechnologyViewController.swift; sourceTree = "<group>"; };
		5555A9032A83EDBE00687357 /* GeneralCollectionViewCell.swift */ = {isa = PBXFileReference; lastKnownFileType = sourcecode.swift; path = GeneralCollectionViewCell.swift; sourceTree = "<group>"; };
		5555A9052A8691B600687357 /* DetaileViewController.swift */ = {isa = PBXFileReference; lastKnownFileType = sourcecode.swift; path = DetaileViewController.swift; sourceTree = "<group>"; };
		5555A9072A8695ED00687357 /* AddSubview + Ex.swift */ = {isa = PBXFileReference; lastKnownFileType = sourcecode.swift; path = "AddSubview + Ex.swift"; sourceTree = "<group>"; };
		5555A90B2A875A4B00687357 /* TraineViewController.swift */ = {isa = PBXFileReference; lastKnownFileType = sourcecode.swift; path = TraineViewController.swift; sourceTree = "<group>"; };
		5555A90E2A8760D700687357 /* TraineCollectionViewCell.swift */ = {isa = PBXFileReference; lastKnownFileType = sourcecode.swift; path = TraineCollectionViewCell.swift; sourceTree = "<group>"; };
		5555A9122A88DFB000687357 /* DitailesCollectionViewCell.swift */ = {isa = PBXFileReference; lastKnownFileType = sourcecode.swift; path = DitailesCollectionViewCell.swift; sourceTree = "<group>"; };
		5555A9142A8BD3B600687357 /* GeneralViewModel.swift */ = {isa = PBXFileReference; lastKnownFileType = sourcecode.swift; path = GeneralViewModel.swift; sourceTree = "<group>"; };
		5555A9182A8BD8F900687357 /* NewsResponseObject.swift */ = {isa = PBXFileReference; lastKnownFileType = sourcecode.swift; path = NewsResponseObject.swift; sourceTree = "<group>"; };
		5555A91A2A8BD96F00687357 /* ArticleResponseObject.swift */ = {isa = PBXFileReference; lastKnownFileType = sourcecode.swift; path = ArticleResponseObject.swift; sourceTree = "<group>"; };
		5555A91D2A8C02BD00687357 /* ArticleCellViewModel.swift */ = {isa = PBXFileReference; lastKnownFileType = sourcecode.swift; path = ArticleCellViewModel.swift; sourceTree = "<group>"; };
		5555A91F2A8D20E200687357 /* ApiManager.swift */ = {isa = PBXFileReference; lastKnownFileType = sourcecode.swift; path = ApiManager.swift; sourceTree = "<group>"; };
		5555A9222A8D28A900687357 /* NetworkingError.swift */ = {isa = PBXFileReference; lastKnownFileType = sourcecode.swift; path = NetworkingError.swift; sourceTree = "<group>"; };
		5555A9242A8FC92900687357 /* DetaileViewModel.swift */ = {isa = PBXFileReference; lastKnownFileType = sourcecode.swift; path = DetaileViewModel.swift; sourceTree = "<group>"; };
		5555A92E2A90A0D000687357 /* TabBarController.swift */ = {isa = PBXFileReference; lastKnownFileType = sourcecode.swift; path = TabBarController.swift; sourceTree = "<group>"; };
/* End PBXFileReference section */

/* Begin PBXFrameworksBuildPhase section */
		5555A8BB2A81824900687357 /* Frameworks */ = {
			isa = PBXFrameworksBuildPhase;
			buildActionMask = 2147483647;
			files = (
				5555A8FE2A83EA9300687357 /* SnapKit in Frameworks */,
			);
			runOnlyForDeploymentPostprocessing = 0;
		};
		5555A8D12A81824B00687357 /* Frameworks */ = {
			isa = PBXFrameworksBuildPhase;
			buildActionMask = 2147483647;
			files = (
			);
			runOnlyForDeploymentPostprocessing = 0;
		};
		5555A8DB2A81824B00687357 /* Frameworks */ = {
			isa = PBXFrameworksBuildPhase;
			buildActionMask = 2147483647;
			files = (
			);
			runOnlyForDeploymentPostprocessing = 0;
		};
/* End PBXFrameworksBuildPhase section */

/* Begin PBXGroup section */
		5555A8B52A81824900687357 = {
			isa = PBXGroup;
			children = (
				5555A90D2A875A5500687357 /* TraineViewController */,
				5555A90A2A86971F00687357 /* DetaileView */,
				5555A8C02A81824900687357 /* NewsApp */,
				5555A8D72A81824B00687357 /* NewsAppTests */,
				5555A8E12A81824B00687357 /* NewsAppUITests */,
				5555A8BF2A81824900687357 /* Products */,
			);
			sourceTree = "<group>";
		};
		5555A8BF2A81824900687357 /* Products */ = {
			isa = PBXGroup;
			children = (
				5555A8BE2A81824900687357 /* NewsApp.app */,
				5555A8D42A81824B00687357 /* NewsAppTests.xctest */,
				5555A8DE2A81824B00687357 /* NewsAppUITests.xctest */,
			);
			name = Products;
			sourceTree = "<group>";
		};
		5555A8C02A81824900687357 /* NewsApp */ = {
			isa = PBXGroup;
			children = (
				5555A8C12A81824900687357 /* AppDelegate.swift */,
				5555A8F62A8185A500687357 /* TabBarController.swift */,
				5555A92E2A90A0D000687357 /* TabBarController.swift */,
				5555A8FF2A83ED6500687357 /* General */,
				5555A9002A83ED6D00687357 /* Business */,
				5555A9012A83ED7700687357 /* Technology */,
				5555A9092A86969300687357 /* Extension */,
				5555A9212A8D217A00687357 /* Networking */,
				5555A8CA2A81824B00687357 /* Assets.xcassets */,
				5555A8CC2A81824B00687357 /* LaunchScreen.storyboard */,
				5555A8CF2A81824B00687357 /* Info.plist */,
			);
			path = NewsApp;
			sourceTree = "<group>";
		};
		5555A8D72A81824B00687357 /* NewsAppTests */ = {
			isa = PBXGroup;
			children = (
				5555A8D82A81824B00687357 /* NewsAppTests.swift */,
			);
			path = NewsAppTests;
			sourceTree = "<group>";
		};
		5555A8E12A81824B00687357 /* NewsAppUITests */ = {
			isa = PBXGroup;
			children = (
				5555A8E22A81824B00687357 /* NewsAppUITests.swift */,
				5555A8E42A81824B00687357 /* NewsAppUITestsLaunchTests.swift */,
			);
			path = NewsAppUITests;
			sourceTree = "<group>";
		};
		5555A8FF2A83ED6500687357 /* General */ = {
			isa = PBXGroup;
			children = (
				5555A91C2A8BFF1100687357 /* Model */,
				5555A9022A83EDAA00687357 /* View */,
				5555A9172A8BD3C800687357 /* ViewModel */,
			);
			path = General;
			sourceTree = "<group>";
		};
		5555A9002A83ED6D00687357 /* Business */ = {
			isa = PBXGroup;
			children = (
				5555A9292A8FD47C00687357 /* ViewModel */,
				5555A9272A8FD42E00687357 /* View */,
			);
			path = Business;
			sourceTree = "<group>";
		};
		5555A9012A83ED7700687357 /* Technology */ = {
			isa = PBXGroup;
			children = (
				5555A8FA2A82CDC400687357 /* TechnologyViewController.swift */,
			);
			path = Technology;
			sourceTree = "<group>";
		};
		5555A9022A83EDAA00687357 /* View */ = {
			isa = PBXGroup;
			children = (
				5555A8C52A81824900687357 /* GeneralViewController.swift */,
				5555A9032A83EDBE00687357 /* GeneralCollectionViewCell.swift */,
			);
			path = View;
			sourceTree = "<group>";
		};
		5555A9092A86969300687357 /* Extension */ = {
			isa = PBXGroup;
			children = (
				5555A9072A8695ED00687357 /* AddSubview + Ex.swift */,
			);
			path = Extension;
			sourceTree = "<group>";
		};
		5555A90A2A86971F00687357 /* DetaileView */ = {
			isa = PBXGroup;
			children = (
				5555A9262A8FC93500687357 /* ViewModel */,
				5555A9162A8BD3C000687357 /* View */,
			);
			path = DetaileView;
			sourceTree = "<group>";
		};
		5555A90D2A875A5500687357 /* TraineViewController */ = {
			isa = PBXGroup;
			children = (
				5555A90B2A875A4B00687357 /* TraineViewController.swift */,
				5555A90E2A8760D700687357 /* TraineCollectionViewCell.swift */,
			);
			path = TraineViewController;
			sourceTree = "<group>";
		};
		5555A9162A8BD3C000687357 /* View */ = {
			isa = PBXGroup;
			children = (
				5555A9052A8691B600687357 /* DetaileViewController.swift */,
			);
			path = View;
			sourceTree = "<group>";
		};
		5555A9172A8BD3C800687357 /* ViewModel */ = {
			isa = PBXGroup;
			children = (
				5555A9142A8BD3B600687357 /* GeneralViewModel.swift */,
				5555A91D2A8C02BD00687357 /* ArticleCellViewModel.swift */,
			);
			path = ViewModel;
			sourceTree = "<group>";
		};
		5555A91C2A8BFF1100687357 /* Model */ = {
			isa = PBXGroup;
			children = (
				5555A9182A8BD8F900687357 /* NewsResponseObject.swift */,
				5555A91A2A8BD96F00687357 /* ArticleResponseObject.swift */,
			);
			path = Model;
			sourceTree = "<group>";
		};
		5555A9212A8D217A00687357 /* Networking */ = {
			isa = PBXGroup;
			children = (
				5555A91F2A8D20E200687357 /* ApiManager.swift */,
				5555A9222A8D28A900687357 /* NetworkingError.swift */,
			);
			path = Networking;
			sourceTree = "<group>";
		};
		5555A9262A8FC93500687357 /* ViewModel */ = {
			isa = PBXGroup;
			children = (
				5555A9242A8FC92900687357 /* DetaileViewModel.swift */,
			);
			path = ViewModel;
			sourceTree = "<group>";
		};
		5555A9272A8FD42E00687357 /* View */ = {
			isa = PBXGroup;
			children = (
				5555A8F82A82CD9900687357 /* BusinessViewController.swift */,
				5555A9122A88DFB000687357 /* DitailesCollectionViewCell.swift */,
			);
			path = View;
			sourceTree = "<group>";
		};
		5555A9292A8FD47C00687357 /* ViewModel */ = {
			isa = PBXGroup;
			children = (
			);
			path = ViewModel;
			sourceTree = "<group>";
		};
/* End PBXGroup section */

/* Begin PBXNativeTarget section */
		5555A8BD2A81824900687357 /* NewsApp */ = {
			isa = PBXNativeTarget;
			buildConfigurationList = 5555A8E82A81824B00687357 /* Build configuration list for PBXNativeTarget "NewsApp" */;
			buildPhases = (
				5555A8BA2A81824900687357 /* Sources */,
				5555A8BB2A81824900687357 /* Frameworks */,
				5555A8BC2A81824900687357 /* Resources */,
			);
			buildRules = (
			);
			dependencies = (
			);
			name = NewsApp;
			packageProductDependencies = (
				5555A8FD2A83EA9300687357 /* SnapKit */,
			);
			productName = NewsApp;
			productReference = 5555A8BE2A81824900687357 /* NewsApp.app */;
			productType = "com.apple.product-type.application";
		};
		5555A8D32A81824B00687357 /* NewsAppTests */ = {
			isa = PBXNativeTarget;
			buildConfigurationList = 5555A8EB2A81824B00687357 /* Build configuration list for PBXNativeTarget "NewsAppTests" */;
			buildPhases = (
				5555A8D02A81824B00687357 /* Sources */,
				5555A8D12A81824B00687357 /* Frameworks */,
				5555A8D22A81824B00687357 /* Resources */,
			);
			buildRules = (
			);
			dependencies = (
				5555A8D62A81824B00687357 /* PBXTargetDependency */,
			);
			name = NewsAppTests;
			productName = NewsAppTests;
			productReference = 5555A8D42A81824B00687357 /* NewsAppTests.xctest */;
			productType = "com.apple.product-type.bundle.unit-test";
		};
		5555A8DD2A81824B00687357 /* NewsAppUITests */ = {
			isa = PBXNativeTarget;
			buildConfigurationList = 5555A8EE2A81824B00687357 /* Build configuration list for PBXNativeTarget "NewsAppUITests" */;
			buildPhases = (
				5555A8DA2A81824B00687357 /* Sources */,
				5555A8DB2A81824B00687357 /* Frameworks */,
				5555A8DC2A81824B00687357 /* Resources */,
			);
			buildRules = (
			);
			dependencies = (
				5555A8E02A81824B00687357 /* PBXTargetDependency */,
			);
			name = NewsAppUITests;
			productName = NewsAppUITests;
			productReference = 5555A8DE2A81824B00687357 /* NewsAppUITests.xctest */;
			productType = "com.apple.product-type.bundle.ui-testing";
		};
/* End PBXNativeTarget section */

/* Begin PBXProject section */
		5555A8B62A81824900687357 /* Project object */ = {
			isa = PBXProject;
			attributes = {
				BuildIndependentTargetsInParallel = 1;
				LastSwiftUpdateCheck = 1430;
				LastUpgradeCheck = 1430;
				TargetAttributes = {
					5555A8BD2A81824900687357 = {
						CreatedOnToolsVersion = 14.3.1;
					};
					5555A8D32A81824B00687357 = {
						CreatedOnToolsVersion = 14.3.1;
						TestTargetID = 5555A8BD2A81824900687357;
					};
					5555A8DD2A81824B00687357 = {
						CreatedOnToolsVersion = 14.3.1;
						TestTargetID = 5555A8BD2A81824900687357;
					};
				};
			};
			buildConfigurationList = 5555A8B92A81824900687357 /* Build configuration list for PBXProject "NewsApp" */;
			compatibilityVersion = "Xcode 14.0";
			developmentRegion = en;
			hasScannedForEncodings = 0;
			knownRegions = (
				en,
				Base,
			);
			mainGroup = 5555A8B52A81824900687357;
			packageReferences = (
				5555A8FC2A83EA9300687357 /* XCRemoteSwiftPackageReference "SnapKit" */,
			);
			productRefGroup = 5555A8BF2A81824900687357 /* Products */;
			projectDirPath = "";
			projectRoot = "";
			targets = (
				5555A8BD2A81824900687357 /* NewsApp */,
				5555A8D32A81824B00687357 /* NewsAppTests */,
				5555A8DD2A81824B00687357 /* NewsAppUITests */,
			);
		};
/* End PBXProject section */

/* Begin PBXResourcesBuildPhase section */
		5555A8BC2A81824900687357 /* Resources */ = {
			isa = PBXResourcesBuildPhase;
			buildActionMask = 2147483647;
			files = (
				5555A8CE2A81824B00687357 /* LaunchScreen.storyboard in Resources */,
				5555A8CB2A81824B00687357 /* Assets.xcassets in Resources */,
			);
			runOnlyForDeploymentPostprocessing = 0;
		};
		5555A8D22A81824B00687357 /* Resources */ = {
			isa = PBXResourcesBuildPhase;
			buildActionMask = 2147483647;
			files = (
			);
			runOnlyForDeploymentPostprocessing = 0;
		};
		5555A8DC2A81824B00687357 /* Resources */ = {
			isa = PBXResourcesBuildPhase;
			buildActionMask = 2147483647;
			files = (
			);
			runOnlyForDeploymentPostprocessing = 0;
		};
/* End PBXResourcesBuildPhase section */

/* Begin PBXSourcesBuildPhase section */
		5555A8BA2A81824900687357 /* Sources */ = {
			isa = PBXSourcesBuildPhase;
			buildActionMask = 2147483647;
			files = (
				5555A9202A8D20E200687357 /* ApiManager.swift in Sources */,
				5555A8FB2A82CDC400687357 /* TechnologyViewController.swift in Sources */,
				5555A90F2A8760D700687357 /* TraineCollectionViewCell.swift in Sources */,
				5555A91B2A8BD96F00687357 /* ArticleResponseObject.swift in Sources */,
				5555A9042A83EDBE00687357 /* GeneralCollectionViewCell.swift in Sources */,
				5555A9232A8D28A900687357 /* NetworkingError.swift in Sources */,
				5555A8F72A8185A500687357 /* TabBarController.swift in Sources */,
				5555A9132A88DFB000687357 /* DitailesCollectionViewCell.swift in Sources */,
				5555A90C2A875A4B00687357 /* TraineViewController.swift in Sources */,
				5555A8C62A81824900687357 /* GeneralViewController.swift in Sources */,
				5555A8F92A82CD9900687357 /* BusinessViewController.swift in Sources */,
				5555A9252A8FC92900687357 /* DetaileViewModel.swift in Sources */,
				5555A92F2A90A0D000687357 /* TabBarController.swift in Sources */,
				5555A8C22A81824900687357 /* AppDelegate.swift in Sources */,
				5555A9082A8695ED00687357 /* AddSubview + Ex.swift in Sources */,
				5555A9062A8691B600687357 /* DetaileViewController.swift in Sources */,
				5555A91E2A8C02BD00687357 /* ArticleCellViewModel.swift in Sources */,
				5555A9192A8BD8F900687357 /* NewsResponseObject.swift in Sources */,
				5555A9152A8BD3B600687357 /* GeneralViewModel.swift in Sources */,
			);
			runOnlyForDeploymentPostprocessing = 0;
		};
		5555A8D02A81824B00687357 /* Sources */ = {
			isa = PBXSourcesBuildPhase;
			buildActionMask = 2147483647;
			files = (
				5555A8D92A81824B00687357 /* NewsAppTests.swift in Sources */,
			);
			runOnlyForDeploymentPostprocessing = 0;
		};
		5555A8DA2A81824B00687357 /* Sources */ = {
			isa = PBXSourcesBuildPhase;
			buildActionMask = 2147483647;
			files = (
				5555A8E32A81824B00687357 /* NewsAppUITests.swift in Sources */,
				5555A8E52A81824B00687357 /* NewsAppUITestsLaunchTests.swift in Sources */,
			);
			runOnlyForDeploymentPostprocessing = 0;
		};
/* End PBXSourcesBuildPhase section */

/* Begin PBXTargetDependency section */
		5555A8D62A81824B00687357 /* PBXTargetDependency */ = {
			isa = PBXTargetDependency;
			target = 5555A8BD2A81824900687357 /* NewsApp */;
			targetProxy = 5555A8D52A81824B00687357 /* PBXContainerItemProxy */;
		};
		5555A8E02A81824B00687357 /* PBXTargetDependency */ = {
			isa = PBXTargetDependency;
			target = 5555A8BD2A81824900687357 /* NewsApp */;
			targetProxy = 5555A8DF2A81824B00687357 /* PBXContainerItemProxy */;
		};
/* End PBXTargetDependency section */

/* Begin PBXVariantGroup section */
		5555A8CC2A81824B00687357 /* LaunchScreen.storyboard */ = {
			isa = PBXVariantGroup;
			children = (
				5555A8CD2A81824B00687357 /* Base */,
			);
			name = LaunchScreen.storyboard;
			sourceTree = "<group>";
		};
/* End PBXVariantGroup section */

/* Begin XCBuildConfiguration section */
		5555A8E62A81824B00687357 /* Debug */ = {
			isa = XCBuildConfiguration;
			buildSettings = {
				ALWAYS_SEARCH_USER_PATHS = NO;
				CLANG_ANALYZER_NONNULL = YES;
				CLANG_ANALYZER_NUMBER_OBJECT_CONVERSION = YES_AGGRESSIVE;
				CLANG_CXX_LANGUAGE_STANDARD = "gnu++20";
				CLANG_ENABLE_MODULES = YES;
				CLANG_ENABLE_OBJC_ARC = YES;
				CLANG_ENABLE_OBJC_WEAK = YES;
				CLANG_WARN_BLOCK_CAPTURE_AUTORELEASING = YES;
				CLANG_WARN_BOOL_CONVERSION = YES;
				CLANG_WARN_COMMA = YES;
				CLANG_WARN_CONSTANT_CONVERSION = YES;
				CLANG_WARN_DEPRECATED_OBJC_IMPLEMENTATIONS = YES;
				CLANG_WARN_DIRECT_OBJC_ISA_USAGE = YES_ERROR;
				CLANG_WARN_DOCUMENTATION_COMMENTS = YES;
				CLANG_WARN_EMPTY_BODY = YES;
				CLANG_WARN_ENUM_CONVERSION = YES;
				CLANG_WARN_INFINITE_RECURSION = YES;
				CLANG_WARN_INT_CONVERSION = YES;
				CLANG_WARN_NON_LITERAL_NULL_CONVERSION = YES;
				CLANG_WARN_OBJC_IMPLICIT_RETAIN_SELF = YES;
				CLANG_WARN_OBJC_LITERAL_CONVERSION = YES;
				CLANG_WARN_OBJC_ROOT_CLASS = YES_ERROR;
				CLANG_WARN_QUOTED_INCLUDE_IN_FRAMEWORK_HEADER = YES;
				CLANG_WARN_RANGE_LOOP_ANALYSIS = YES;
				CLANG_WARN_STRICT_PROTOTYPES = YES;
				CLANG_WARN_SUSPICIOUS_MOVE = YES;
				CLANG_WARN_UNGUARDED_AVAILABILITY = YES_AGGRESSIVE;
				CLANG_WARN_UNREACHABLE_CODE = YES;
				CLANG_WARN__DUPLICATE_METHOD_MATCH = YES;
				COPY_PHASE_STRIP = NO;
				DEBUG_INFORMATION_FORMAT = dwarf;
				ENABLE_STRICT_OBJC_MSGSEND = YES;
				ENABLE_TESTABILITY = YES;
				GCC_C_LANGUAGE_STANDARD = gnu11;
				GCC_DYNAMIC_NO_PIC = NO;
				GCC_NO_COMMON_BLOCKS = YES;
				GCC_OPTIMIZATION_LEVEL = 0;
				GCC_PREPROCESSOR_DEFINITIONS = (
					"DEBUG=1",
					"$(inherited)",
				);
				GCC_WARN_64_TO_32_BIT_CONVERSION = YES;
				GCC_WARN_ABOUT_RETURN_TYPE = YES_ERROR;
				GCC_WARN_UNDECLARED_SELECTOR = YES;
				GCC_WARN_UNINITIALIZED_AUTOS = YES_AGGRESSIVE;
				GCC_WARN_UNUSED_FUNCTION = YES;
				GCC_WARN_UNUSED_VARIABLE = YES;
				IPHONEOS_DEPLOYMENT_TARGET = 16.4;
				MTL_ENABLE_DEBUG_INFO = INCLUDE_SOURCE;
				MTL_FAST_MATH = YES;
				ONLY_ACTIVE_ARCH = YES;
				SDKROOT = iphoneos;
				SWIFT_ACTIVE_COMPILATION_CONDITIONS = DEBUG;
				SWIFT_OPTIMIZATION_LEVEL = "-Onone";
			};
			name = Debug;
		};
		5555A8E72A81824B00687357 /* Release */ = {
			isa = XCBuildConfiguration;
			buildSettings = {
				ALWAYS_SEARCH_USER_PATHS = NO;
				CLANG_ANALYZER_NONNULL = YES;
				CLANG_ANALYZER_NUMBER_OBJECT_CONVERSION = YES_AGGRESSIVE;
				CLANG_CXX_LANGUAGE_STANDARD = "gnu++20";
				CLANG_ENABLE_MODULES = YES;
				CLANG_ENABLE_OBJC_ARC = YES;
				CLANG_ENABLE_OBJC_WEAK = YES;
				CLANG_WARN_BLOCK_CAPTURE_AUTORELEASING = YES;
				CLANG_WARN_BOOL_CONVERSION = YES;
				CLANG_WARN_COMMA = YES;
				CLANG_WARN_CONSTANT_CONVERSION = YES;
				CLANG_WARN_DEPRECATED_OBJC_IMPLEMENTATIONS = YES;
				CLANG_WARN_DIRECT_OBJC_ISA_USAGE = YES_ERROR;
				CLANG_WARN_DOCUMENTATION_COMMENTS = YES;
				CLANG_WARN_EMPTY_BODY = YES;
				CLANG_WARN_ENUM_CONVERSION = YES;
				CLANG_WARN_INFINITE_RECURSION = YES;
				CLANG_WARN_INT_CONVERSION = YES;
				CLANG_WARN_NON_LITERAL_NULL_CONVERSION = YES;
				CLANG_WARN_OBJC_IMPLICIT_RETAIN_SELF = YES;
				CLANG_WARN_OBJC_LITERAL_CONVERSION = YES;
				CLANG_WARN_OBJC_ROOT_CLASS = YES_ERROR;
				CLANG_WARN_QUOTED_INCLUDE_IN_FRAMEWORK_HEADER = YES;
				CLANG_WARN_RANGE_LOOP_ANALYSIS = YES;
				CLANG_WARN_STRICT_PROTOTYPES = YES;
				CLANG_WARN_SUSPICIOUS_MOVE = YES;
				CLANG_WARN_UNGUARDED_AVAILABILITY = YES_AGGRESSIVE;
				CLANG_WARN_UNREACHABLE_CODE = YES;
				CLANG_WARN__DUPLICATE_METHOD_MATCH = YES;
				COPY_PHASE_STRIP = NO;
				DEBUG_INFORMATION_FORMAT = "dwarf-with-dsym";
				ENABLE_NS_ASSERTIONS = NO;
				ENABLE_STRICT_OBJC_MSGSEND = YES;
				GCC_C_LANGUAGE_STANDARD = gnu11;
				GCC_NO_COMMON_BLOCKS = YES;
				GCC_WARN_64_TO_32_BIT_CONVERSION = YES;
				GCC_WARN_ABOUT_RETURN_TYPE = YES_ERROR;
				GCC_WARN_UNDECLARED_SELECTOR = YES;
				GCC_WARN_UNINITIALIZED_AUTOS = YES_AGGRESSIVE;
				GCC_WARN_UNUSED_FUNCTION = YES;
				GCC_WARN_UNUSED_VARIABLE = YES;
				IPHONEOS_DEPLOYMENT_TARGET = 16.4;
				MTL_ENABLE_DEBUG_INFO = NO;
				MTL_FAST_MATH = YES;
				SDKROOT = iphoneos;
				SWIFT_COMPILATION_MODE = wholemodule;
				SWIFT_OPTIMIZATION_LEVEL = "-O";
				VALIDATE_PRODUCT = YES;
			};
			name = Release;
		};
		5555A8E92A81824B00687357 /* Debug */ = {
			isa = XCBuildConfiguration;
			buildSettings = {
				ASSETCATALOG_COMPILER_APPICON_NAME = AppIcon;
				ASSETCATALOG_COMPILER_GLOBAL_ACCENT_COLOR_NAME = AccentColor;
				CODE_SIGN_STYLE = Automatic;
				CURRENT_PROJECT_VERSION = 1;
				DEVELOPMENT_TEAM = YBPRV4DAUS;
				GENERATE_INFOPLIST_FILE = YES;
				INFOPLIST_FILE = NewsApp/Info.plist;
				INFOPLIST_KEY_UIApplicationSupportsIndirectInputEvents = YES;
				INFOPLIST_KEY_UILaunchStoryboardName = LaunchScreen;
				INFOPLIST_KEY_UISupportedInterfaceOrientations_iPad = "UIInterfaceOrientationPortrait UIInterfaceOrientationPortraitUpsideDown UIInterfaceOrientationLandscapeLeft UIInterfaceOrientationLandscapeRight";
				INFOPLIST_KEY_UISupportedInterfaceOrientations_iPhone = "UIInterfaceOrientationPortrait UIInterfaceOrientationLandscapeLeft UIInterfaceOrientationLandscapeRight";
				LD_RUNPATH_SEARCH_PATHS = (
					"$(inherited)",
					"@executable_path/Frameworks",
				);
				MARKETING_VERSION = 1.0;
				PRODUCT_BUNDLE_IDENTIFIER = ershov.NewsApp;
				PRODUCT_NAME = "$(TARGET_NAME)";
				SWIFT_EMIT_LOC_STRINGS = YES;
				SWIFT_VERSION = 5.0;
				TARGETED_DEVICE_FAMILY = "1,2";
			};
			name = Debug;
		};
		5555A8EA2A81824B00687357 /* Release */ = {
			isa = XCBuildConfiguration;
			buildSettings = {
				ASSETCATALOG_COMPILER_APPICON_NAME = AppIcon;
				ASSETCATALOG_COMPILER_GLOBAL_ACCENT_COLOR_NAME = AccentColor;
				CODE_SIGN_STYLE = Automatic;
				CURRENT_PROJECT_VERSION = 1;
				DEVELOPMENT_TEAM = YBPRV4DAUS;
				GENERATE_INFOPLIST_FILE = YES;
				INFOPLIST_FILE = NewsApp/Info.plist;
				INFOPLIST_KEY_UIApplicationSupportsIndirectInputEvents = YES;
				INFOPLIST_KEY_UILaunchStoryboardName = LaunchScreen;
				INFOPLIST_KEY_UISupportedInterfaceOrientations_iPad = "UIInterfaceOrientationPortrait UIInterfaceOrientationPortraitUpsideDown UIInterfaceOrientationLandscapeLeft UIInterfaceOrientationLandscapeRight";
				INFOPLIST_KEY_UISupportedInterfaceOrientations_iPhone = "UIInterfaceOrientationPortrait UIInterfaceOrientationLandscapeLeft UIInterfaceOrientationLandscapeRight";
				LD_RUNPATH_SEARCH_PATHS = (
					"$(inherited)",
					"@executable_path/Frameworks",
				);
				MARKETING_VERSION = 1.0;
				PRODUCT_BUNDLE_IDENTIFIER = ershov.NewsApp;
				PRODUCT_NAME = "$(TARGET_NAME)";
				SWIFT_EMIT_LOC_STRINGS = YES;
				SWIFT_VERSION = 5.0;
				TARGETED_DEVICE_FAMILY = "1,2";
			};
			name = Release;
		};
		5555A8EC2A81824B00687357 /* Debug */ = {
			isa = XCBuildConfiguration;
			buildSettings = {
				ALWAYS_EMBED_SWIFT_STANDARD_LIBRARIES = YES;
				BUNDLE_LOADER = "$(TEST_HOST)";
				CODE_SIGN_STYLE = Automatic;
				CURRENT_PROJECT_VERSION = 1;
				DEVELOPMENT_TEAM = YBPRV4DAUS;
				GENERATE_INFOPLIST_FILE = YES;
				IPHONEOS_DEPLOYMENT_TARGET = 16.4;
				MARKETING_VERSION = 1.0;
				PRODUCT_BUNDLE_IDENTIFIER = ershov.NewsAppTests;
				PRODUCT_NAME = "$(TARGET_NAME)";
				SWIFT_EMIT_LOC_STRINGS = NO;
				SWIFT_VERSION = 5.0;
				TARGETED_DEVICE_FAMILY = "1,2";
				TEST_HOST = "$(BUILT_PRODUCTS_DIR)/NewsApp.app/$(BUNDLE_EXECUTABLE_FOLDER_PATH)/NewsApp";
			};
			name = Debug;
		};
		5555A8ED2A81824B00687357 /* Release */ = {
			isa = XCBuildConfiguration;
			buildSettings = {
				ALWAYS_EMBED_SWIFT_STANDARD_LIBRARIES = YES;
				BUNDLE_LOADER = "$(TEST_HOST)";
				CODE_SIGN_STYLE = Automatic;
				CURRENT_PROJECT_VERSION = 1;
				DEVELOPMENT_TEAM = YBPRV4DAUS;
				GENERATE_INFOPLIST_FILE = YES;
				IPHONEOS_DEPLOYMENT_TARGET = 16.4;
				MARKETING_VERSION = 1.0;
				PRODUCT_BUNDLE_IDENTIFIER = ershov.NewsAppTests;
				PRODUCT_NAME = "$(TARGET_NAME)";
				SWIFT_EMIT_LOC_STRINGS = NO;
				SWIFT_VERSION = 5.0;
				TARGETED_DEVICE_FAMILY = "1,2";
				TEST_HOST = "$(BUILT_PRODUCTS_DIR)/NewsApp.app/$(BUNDLE_EXECUTABLE_FOLDER_PATH)/NewsApp";
			};
			name = Release;
		};
		5555A8EF2A81824B00687357 /* Debug */ = {
			isa = XCBuildConfiguration;
			buildSettings = {
				ALWAYS_EMBED_SWIFT_STANDARD_LIBRARIES = YES;
				CODE_SIGN_STYLE = Automatic;
				CURRENT_PROJECT_VERSION = 1;
				DEVELOPMENT_TEAM = YBPRV4DAUS;
				GENERATE_INFOPLIST_FILE = YES;
				MARKETING_VERSION = 1.0;
				PRODUCT_BUNDLE_IDENTIFIER = ershov.NewsAppUITests;
				PRODUCT_NAME = "$(TARGET_NAME)";
				SWIFT_EMIT_LOC_STRINGS = NO;
				SWIFT_VERSION = 5.0;
				TARGETED_DEVICE_FAMILY = "1,2";
				TEST_TARGET_NAME = NewsApp;
			};
			name = Debug;
		};
		5555A8F02A81824B00687357 /* Release */ = {
			isa = XCBuildConfiguration;
			buildSettings = {
				ALWAYS_EMBED_SWIFT_STANDARD_LIBRARIES = YES;
				CODE_SIGN_STYLE = Automatic;
				CURRENT_PROJECT_VERSION = 1;
				DEVELOPMENT_TEAM = YBPRV4DAUS;
				GENERATE_INFOPLIST_FILE = YES;
				MARKETING_VERSION = 1.0;
				PRODUCT_BUNDLE_IDENTIFIER = ershov.NewsAppUITests;
				PRODUCT_NAME = "$(TARGET_NAME)";
				SWIFT_EMIT_LOC_STRINGS = NO;
				SWIFT_VERSION = 5.0;
				TARGETED_DEVICE_FAMILY = "1,2";
				TEST_TARGET_NAME = NewsApp;
			};
			name = Release;
		};
/* End XCBuildConfiguration section */

/* Begin XCConfigurationList section */
		5555A8B92A81824900687357 /* Build configuration list for PBXProject "NewsApp" */ = {
			isa = XCConfigurationList;
			buildConfigurations = (
				5555A8E62A81824B00687357 /* Debug */,
				5555A8E72A81824B00687357 /* Release */,
			);
			defaultConfigurationIsVisible = 0;
			defaultConfigurationName = Release;
		};
		5555A8E82A81824B00687357 /* Build configuration list for PBXNativeTarget "NewsApp" */ = {
			isa = XCConfigurationList;
			buildConfigurations = (
				5555A8E92A81824B00687357 /* Debug */,
				5555A8EA2A81824B00687357 /* Release */,
			);
			defaultConfigurationIsVisible = 0;
			defaultConfigurationName = Release;
		};
		5555A8EB2A81824B00687357 /* Build configuration list for PBXNativeTarget "NewsAppTests" */ = {
			isa = XCConfigurationList;
			buildConfigurations = (
				5555A8EC2A81824B00687357 /* Debug */,
				5555A8ED2A81824B00687357 /* Release */,
			);
			defaultConfigurationIsVisible = 0;
			defaultConfigurationName = Release;
		};
		5555A8EE2A81824B00687357 /* Build configuration list for PBXNativeTarget "NewsAppUITests" */ = {
			isa = XCConfigurationList;
			buildConfigurations = (
				5555A8EF2A81824B00687357 /* Debug */,
				5555A8F02A81824B00687357 /* Release */,
			);
			defaultConfigurationIsVisible = 0;
			defaultConfigurationName = Release;
		};
/* End XCConfigurationList section */

/* Begin XCRemoteSwiftPackageReference section */
		5555A8FC2A83EA9300687357 /* XCRemoteSwiftPackageReference "SnapKit" */ = {
			isa = XCRemoteSwiftPackageReference;
			repositoryURL = "https://github.com/SnapKit/SnapKit.git";
			requirement = {
				kind = upToNextMajorVersion;
				minimumVersion = 5.0.0;
			};
		};
/* End XCRemoteSwiftPackageReference section */

/* Begin XCSwiftPackageProductDependency section */
		5555A8FD2A83EA9300687357 /* SnapKit */ = {
			isa = XCSwiftPackageProductDependency;
			package = 5555A8FC2A83EA9300687357 /* XCRemoteSwiftPackageReference "SnapKit" */;
			productName = SnapKit;
		};
/* End XCSwiftPackageProductDependency section */
	};
	rootObject = 5555A8B62A81824900687357 /* Project object */;
}
